{
  "originHash" : "bf5778ab79b457fe602d41a3ead77dbdc0217c1582b47c8db74754a3279a3765",
  "pins" : [
    {
      "identity" : "theming",
      "kind" : "remoteSourceControl",
      "location" : "https://github.com/zacharyhaven82/Theming",
      "state" : {
        "revision" : "091e946afe5db16de522ce3c71e79ce24c2a4d25",
        "version" : "1.0.9"
      }
    },
    {
      "identity" : "uicomponents",
      "kind" : "remoteSourceControl",
      "location" : "https://github.com/zacharyhaven82/UIComponents",
      "state" : {
        "revision" : "880df759c23f047d75a7309d8d3af53da80355c0",
        "version" : "1.0.8"
      }
    }
  ],
  "version" : 3
}
